
Microsoft Visual Studio Solution File, Format Version 12.00
# Visual Studio 15
VisualStudioVersion = 15.0.28010.2003
MinimumVisualStudioVersion = 10.0.40219.1
Project("{FAE04EC0-301F-11D3-BF4B-00C04F79EFBC}") = "reverselist", "reverselist\reverselist.csproj", "{76468F95-1ED3-4240-A7C3-1294ADA58753}"
EndProject
Global
	GlobalSection(SolutionConfigurationPlatforms) = preSolution
		Debug|Any CPU = Debug|Any CPU
		Release|Any CPU = Release|Any CPU
	EndGlobalSection
	GlobalSection(ProjectConfigurationPlatforms) = postSolution
		{76468F95-1ED3-4240-A7C3-1294ADA58753}.Debug|Any CPU.ActiveCfg = Debug|Any CPU
		{76468F95-1ED3-4240-A7C3-1294ADA58753}.Debug|Any CPU.Build.0 = Debug|Any CPU
		{76468F95-1ED3-4240-A7C3-1294ADA58753}.Release|Any CPU.ActiveCfg = Release|Any CPU
		{76468F95-1ED3-4240-A7C3-1294ADA58753}.Release|Any CPU.Build.0 = Release|Any CPU
	EndGlobalSection
	GlobalSection(SolutionProperties) = preSolution
		HideSolutionNode = FALSE
	EndGlobalSection
	GlobalSection(ExtensibilityGlobals) = postSolution
		SolutionGuid = {D2FF9D2F-AD5B-4A02-811D-F0EBE99C5EA8}
	EndGlobalSection
EndGlobal
