
Microsoft Visual Studio Solution File, Format Version 12.00
# Visual Studio 15
VisualStudioVersion = 15.0.28307.168
MinimumVisualStudioVersion = 10.0.40219.1
Project("{FAE04EC0-301F-11D3-BF4B-00C04F79EFBC}") = "uniqueemail", "uniqueemail\uniqueemail.csproj", "{870A1F0E-F139-4633-AF0F-7C6E486DCF55}"
EndProject
Global
	GlobalSection(SolutionConfigurationPlatforms) = preSolution
		Debug|Any CPU = Debug|Any CPU
		Release|Any CPU = Release|Any CPU
	EndGlobalSection
	GlobalSection(ProjectConfigurationPlatforms) = postSolution
		{870A1F0E-F139-4633-AF0F-7C6E486DCF55}.Debug|Any CPU.ActiveCfg = Debug|Any CPU
		{870A1F0E-F139-4633-AF0F-7C6E486DCF55}.Debug|Any CPU.Build.0 = Debug|Any CPU
		{870A1F0E-F139-4633-AF0F-7C6E486DCF55}.Release|Any CPU.ActiveCfg = Release|Any CPU
		{870A1F0E-F139-4633-AF0F-7C6E486DCF55}.Release|Any CPU.Build.0 = Release|Any CPU
	EndGlobalSection
	GlobalSection(SolutionProperties) = preSolution
		HideSolutionNode = FALSE
	EndGlobalSection
	GlobalSection(ExtensibilityGlobals) = postSolution
		SolutionGuid = {3729D089-C467-491B-90FC-5A9B672E381A}
	EndGlobalSection
EndGlobal
