
Microsoft Visual Studio Solution File, Format Version 12.00
# Visual Studio 15
VisualStudioVersion = 15.0.28010.2003
MinimumVisualStudioVersion = 10.0.40219.1
Project("{FAE04EC0-301F-11D3-BF4B-00C04F79EFBC}") = "Jewels+Stones", "Jewels+Stones\Jewels+Stones.csproj", "{9AB3B7F7-6BAE-4E4F-92B2-1209AB536606}"
EndProject
Global
	GlobalSection(SolutionConfigurationPlatforms) = preSolution
		Debug|Any CPU = Debug|Any CPU
		Release|Any CPU = Release|Any CPU
	EndGlobalSection
	GlobalSection(ProjectConfigurationPlatforms) = postSolution
		{9AB3B7F7-6BAE-4E4F-92B2-1209AB536606}.Debug|Any CPU.ActiveCfg = Debug|Any CPU
		{9AB3B7F7-6BAE-4E4F-92B2-1209AB536606}.Debug|Any CPU.Build.0 = Debug|Any CPU
		{9AB3B7F7-6BAE-4E4F-92B2-1209AB536606}.Release|Any CPU.ActiveCfg = Release|Any CPU
		{9AB3B7F7-6BAE-4E4F-92B2-1209AB536606}.Release|Any CPU.Build.0 = Release|Any CPU
	EndGlobalSection
	GlobalSection(SolutionProperties) = preSolution
		HideSolutionNode = FALSE
	EndGlobalSection
	GlobalSection(ExtensibilityGlobals) = postSolution
		SolutionGuid = {A6EBAC92-0F1D-4358-9F5B-017097344007}
	EndGlobalSection
EndGlobal
