
Microsoft Visual Studio Solution File, Format Version 12.00
# Visual Studio 15
VisualStudioVersion = 15.0.28307.271
MinimumVisualStudioVersion = 10.0.40219.1
Project("{FAE04EC0-301F-11D3-BF4B-00C04F79EFBC}") = "nestetlist", "nestetlist\nestetlist.csproj", "{43CF896C-BAF7-4A1A-8101-B37DF3F23939}"
EndProject
Global
	GlobalSection(SolutionConfigurationPlatforms) = preSolution
		Debug|Any CPU = Debug|Any CPU
		Release|Any CPU = Release|Any CPU
	EndGlobalSection
	GlobalSection(ProjectConfigurationPlatforms) = postSolution
		{43CF896C-BAF7-4A1A-8101-B37DF3F23939}.Debug|Any CPU.ActiveCfg = Debug|Any CPU
		{43CF896C-BAF7-4A1A-8101-B37DF3F23939}.Debug|Any CPU.Build.0 = Debug|Any CPU
		{43CF896C-BAF7-4A1A-8101-B37DF3F23939}.Release|Any CPU.ActiveCfg = Release|Any CPU
		{43CF896C-BAF7-4A1A-8101-B37DF3F23939}.Release|Any CPU.Build.0 = Release|Any CPU
	EndGlobalSection
	GlobalSection(SolutionProperties) = preSolution
		HideSolutionNode = FALSE
	EndGlobalSection
	GlobalSection(ExtensibilityGlobals) = postSolution
		SolutionGuid = {C5F974A5-2FA9-4704-BB45-D375CD28E365}
	EndGlobalSection
EndGlobal
