
Microsoft Visual Studio Solution File, Format Version 12.00
# Visual Studio 15
VisualStudioVersion = 15.0.28010.2003
MinimumVisualStudioVersion = 10.0.40219.1
Project("{FAE04EC0-301F-11D3-BF4B-00C04F79EFBC}") = "arrayproduct", "arrayproduct\arrayproduct.csproj", "{48FCF30F-6278-4B10-A951-5BE64E0AF7F7}"
EndProject
Global
	GlobalSection(SolutionConfigurationPlatforms) = preSolution
		Debug|Any CPU = Debug|Any CPU
		Release|Any CPU = Release|Any CPU
	EndGlobalSection
	GlobalSection(ProjectConfigurationPlatforms) = postSolution
		{48FCF30F-6278-4B10-A951-5BE64E0AF7F7}.Debug|Any CPU.ActiveCfg = Debug|Any CPU
		{48FCF30F-6278-4B10-A951-5BE64E0AF7F7}.Debug|Any CPU.Build.0 = Debug|Any CPU
		{48FCF30F-6278-4B10-A951-5BE64E0AF7F7}.Release|Any CPU.ActiveCfg = Release|Any CPU
		{48FCF30F-6278-4B10-A951-5BE64E0AF7F7}.Release|Any CPU.Build.0 = Release|Any CPU
	EndGlobalSection
	GlobalSection(SolutionProperties) = preSolution
		HideSolutionNode = FALSE
	EndGlobalSection
	GlobalSection(ExtensibilityGlobals) = postSolution
		SolutionGuid = {F4A156F6-C682-42BF-A2C6-A3A98E2A3215}
	EndGlobalSection
EndGlobal
