
Microsoft Visual Studio Solution File, Format Version 12.00
# Visual Studio 15
VisualStudioVersion = 15.0.28010.2003
MinimumVisualStudioVersion = 10.0.40219.1
Project("{FAE04EC0-301F-11D3-BF4B-00C04F79EFBC}") = "findmountain", "findmountain\findmountain.csproj", "{453D6C82-E702-4A97-BEE5-FA4356A12B39}"
EndProject
Global
	GlobalSection(SolutionConfigurationPlatforms) = preSolution
		Debug|Any CPU = Debug|Any CPU
		Release|Any CPU = Release|Any CPU
	EndGlobalSection
	GlobalSection(ProjectConfigurationPlatforms) = postSolution
		{453D6C82-E702-4A97-BEE5-FA4356A12B39}.Debug|Any CPU.ActiveCfg = Debug|Any CPU
		{453D6C82-E702-4A97-BEE5-FA4356A12B39}.Debug|Any CPU.Build.0 = Debug|Any CPU
		{453D6C82-E702-4A97-BEE5-FA4356A12B39}.Release|Any CPU.ActiveCfg = Release|Any CPU
		{453D6C82-E702-4A97-BEE5-FA4356A12B39}.Release|Any CPU.Build.0 = Release|Any CPU
	EndGlobalSection
	GlobalSection(SolutionProperties) = preSolution
		HideSolutionNode = FALSE
	EndGlobalSection
	GlobalSection(ExtensibilityGlobals) = postSolution
		SolutionGuid = {2654FDFC-CE4D-437E-90EA-FA9A61C32968}
	EndGlobalSection
EndGlobal
