
Microsoft Visual Studio Solution File, Format Version 12.00
# Visual Studio 15
VisualStudioVersion = 15.0.28307.168
MinimumVisualStudioVersion = 10.0.40219.1
Project("{FAE04EC0-301F-11D3-BF4B-00C04F79EFBC}") = "anagrammap", "anagrammap\anagrammap.csproj", "{14D44C9E-FECA-4A7A-8CF3-CF356BFD1FCE}"
EndProject
Global
	GlobalSection(SolutionConfigurationPlatforms) = preSolution
		Debug|Any CPU = Debug|Any CPU
		Release|Any CPU = Release|Any CPU
	EndGlobalSection
	GlobalSection(ProjectConfigurationPlatforms) = postSolution
		{14D44C9E-FECA-4A7A-8CF3-CF356BFD1FCE}.Debug|Any CPU.ActiveCfg = Debug|Any CPU
		{14D44C9E-FECA-4A7A-8CF3-CF356BFD1FCE}.Debug|Any CPU.Build.0 = Debug|Any CPU
		{14D44C9E-FECA-4A7A-8CF3-CF356BFD1FCE}.Release|Any CPU.ActiveCfg = Release|Any CPU
		{14D44C9E-FECA-4A7A-8CF3-CF356BFD1FCE}.Release|Any CPU.Build.0 = Release|Any CPU
	EndGlobalSection
	GlobalSection(SolutionProperties) = preSolution
		HideSolutionNode = FALSE
	EndGlobalSection
	GlobalSection(ExtensibilityGlobals) = postSolution
		SolutionGuid = {321D2133-5CCC-4FFD-8295-D20CEBD2784C}
	EndGlobalSection
EndGlobal
