
Microsoft Visual Studio Solution File, Format Version 12.00
# Visual Studio 15
VisualStudioVersion = 15.0.28307.271
MinimumVisualStudioVersion = 10.0.40219.1
Project("{FAE04EC0-301F-11D3-BF4B-00C04F79EFBC}") = "productofarray", "productofarray\productofarray.csproj", "{1F663FBC-5BA7-43F2-AB8A-3AD44AD72C55}"
EndProject
Global
	GlobalSection(SolutionConfigurationPlatforms) = preSolution
		Debug|Any CPU = Debug|Any CPU
		Release|Any CPU = Release|Any CPU
	EndGlobalSection
	GlobalSection(ProjectConfigurationPlatforms) = postSolution
		{1F663FBC-5BA7-43F2-AB8A-3AD44AD72C55}.Debug|Any CPU.ActiveCfg = Debug|Any CPU
		{1F663FBC-5BA7-43F2-AB8A-3AD44AD72C55}.Debug|Any CPU.Build.0 = Debug|Any CPU
		{1F663FBC-5BA7-43F2-AB8A-3AD44AD72C55}.Release|Any CPU.ActiveCfg = Release|Any CPU
		{1F663FBC-5BA7-43F2-AB8A-3AD44AD72C55}.Release|Any CPU.Build.0 = Release|Any CPU
	EndGlobalSection
	GlobalSection(SolutionProperties) = preSolution
		HideSolutionNode = FALSE
	EndGlobalSection
	GlobalSection(ExtensibilityGlobals) = postSolution
		SolutionGuid = {FF031EA6-48FD-4CBF-8F7C-6616C26C014C}
	EndGlobalSection
EndGlobal
